
Microsoft Visual Studio Solution File, Format Version 12.00
# Blend for Visual Studio Version 16
VisualStudioVersion = 16.0.31624.102
MinimumVisualStudioVersion = 10.0.40219.1
Project("{FAE04EC0-301F-11D3-BF4B-00C04F79EFBC}") = "DashBoardWithAnimation", "DashBoardWithAnimation.csproj", "{0C84AEC8-BB2E-4B48-948F-ADA620110ACF}"
EndProject
Global
	GlobalSection(SolutionConfigurationPlatforms) = preSolution
		Debug|Any CPU = Debug|Any CPU
		Release|Any CPU = Release|Any CPU
	EndGlobalSection
	GlobalSection(ProjectConfigurationPlatforms) = postSolution
		{0C84AEC8-BB2E-4B48-948F-ADA620110ACF}.Debug|Any CPU.ActiveCfg = Debug|Any CPU
		{0C84AEC8-BB2E-4B48-948F-ADA620110ACF}.Debug|Any CPU.Build.0 = Debug|Any CPU
		{0C84AEC8-BB2E-4B48-948F-ADA620110ACF}.Release|Any CPU.ActiveCfg = Release|Any CPU
		{0C84AEC8-BB2E-4B48-948F-ADA620110ACF}.Release|Any CPU.Build.0 = Release|Any CPU
	EndGlobalSection
	GlobalSection(SolutionProperties) = preSolution
		HideSolutionNode = FALSE
	EndGlobalSection
	GlobalSection(ExtensibilityGlobals) = postSolution
		SolutionGuid = {B89BA6EB-5926-4ED3-BE6E-85576C52E27D}
	EndGlobalSection
EndGlobal
